
Microsoft Visual Studio Solution File, Format Version 12.00
# Visual Studio Version 17
VisualStudioVersion = 17.0.31903.59
MinimumVisualStudioVersion = 10.0.40219.1
Project("{FAE04EC0-301F-11D3-BF4B-00C04F79EFBC}") = "Publisher", "Publisher\Publisher.csproj", "{756A8BDC-374C-40A4-983C-086A6D241502}"
EndProject
Project("{FAE04EC0-301F-11D3-BF4B-00C04F79EFBC}") = "Consumer", "Consumer\Consumer.csproj", "{3EE35224-1F88-42A6-9697-3F2F9696EC30}"
EndProject
Project("{FAE04EC0-301F-11D3-BF4B-00C04F79EFBC}") = "Contracts", "Contracts\Contracts.csproj", "{554955A8-7F65-4928-A3FB-C88DD13A1596}"
EndProject
Global
	GlobalSection(SolutionConfigurationPlatforms) = preSolution
		Debug|Any CPU = Debug|Any CPU
		Debug|x64 = Debug|x64
		Debug|x86 = Debug|x86
		Release|Any CPU = Release|Any CPU
		Release|x64 = Release|x64
		Release|x86 = Release|x86
	EndGlobalSection
	GlobalSection(ProjectConfigurationPlatforms) = postSolution
		{756A8BDC-374C-40A4-983C-086A6D241502}.Debug|Any CPU.ActiveCfg = Debug|Any CPU
		{756A8BDC-374C-40A4-983C-086A6D241502}.Debug|Any CPU.Build.0 = Debug|Any CPU
		{756A8BDC-374C-40A4-983C-086A6D241502}.Debug|x64.ActiveCfg = Debug|Any CPU
		{756A8BDC-374C-40A4-983C-086A6D241502}.Debug|x64.Build.0 = Debug|Any CPU
		{756A8BDC-374C-40A4-983C-086A6D241502}.Debug|x86.ActiveCfg = Debug|Any CPU
		{756A8BDC-374C-40A4-983C-086A6D241502}.Debug|x86.Build.0 = Debug|Any CPU
		{756A8BDC-374C-40A4-983C-086A6D241502}.Release|Any CPU.ActiveCfg = Release|Any CPU
		{756A8BDC-374C-40A4-983C-086A6D241502}.Release|Any CPU.Build.0 = Release|Any CPU
		{756A8BDC-374C-40A4-983C-086A6D241502}.Release|x64.ActiveCfg = Release|Any CPU
		{756A8BDC-374C-40A4-983C-086A6D241502}.Release|x64.Build.0 = Release|Any CPU
		{756A8BDC-374C-40A4-983C-086A6D241502}.Release|x86.ActiveCfg = Release|Any CPU
		{756A8BDC-374C-40A4-983C-086A6D241502}.Release|x86.Build.0 = Release|Any CPU
		{3EE35224-1F88-42A6-9697-3F2F9696EC30}.Debug|Any CPU.ActiveCfg = Debug|Any CPU
		{3EE35224-1F88-42A6-9697-3F2F9696EC30}.Debug|Any CPU.Build.0 = Debug|Any CPU
		{3EE35224-1F88-42A6-9697-3F2F9696EC30}.Debug|x64.ActiveCfg = Debug|Any CPU
		{3EE35224-1F88-42A6-9697-3F2F9696EC30}.Debug|x64.Build.0 = Debug|Any CPU
		{3EE35224-1F88-42A6-9697-3F2F9696EC30}.Debug|x86.ActiveCfg = Debug|Any CPU
		{3EE35224-1F88-42A6-9697-3F2F9696EC30}.Debug|x86.Build.0 = Debug|Any CPU
		{3EE35224-1F88-42A6-9697-3F2F9696EC30}.Release|Any CPU.ActiveCfg = Release|Any CPU
		{3EE35224-1F88-42A6-9697-3F2F9696EC30}.Release|Any CPU.Build.0 = Release|Any CPU
		{3EE35224-1F88-42A6-9697-3F2F9696EC30}.Release|x64.ActiveCfg = Release|Any CPU
		{3EE35224-1F88-42A6-9697-3F2F9696EC30}.Release|x64.Build.0 = Release|Any CPU
		{3EE35224-1F88-42A6-9697-3F2F9696EC30}.Release|x86.ActiveCfg = Release|Any CPU
		{3EE35224-1F88-42A6-9697-3F2F9696EC30}.Release|x86.Build.0 = Release|Any CPU
		{554955A8-7F65-4928-A3FB-C88DD13A1596}.Debug|Any CPU.ActiveCfg = Debug|Any CPU
		{554955A8-7F65-4928-A3FB-C88DD13A1596}.Debug|Any CPU.Build.0 = Debug|Any CPU
		{554955A8-7F65-4928-A3FB-C88DD13A1596}.Debug|x64.ActiveCfg = Debug|Any CPU
		{554955A8-7F65-4928-A3FB-C88DD13A1596}.Debug|x64.Build.0 = Debug|Any CPU
		{554955A8-7F65-4928-A3FB-C88DD13A1596}.Debug|x86.ActiveCfg = Debug|Any CPU
		{554955A8-7F65-4928-A3FB-C88DD13A1596}.Debug|x86.Build.0 = Debug|Any CPU
		{554955A8-7F65-4928-A3FB-C88DD13A1596}.Release|Any CPU.ActiveCfg = Release|Any CPU
		{554955A8-7F65-4928-A3FB-C88DD13A1596}.Release|Any CPU.Build.0 = Release|Any CPU
		{554955A8-7F65-4928-A3FB-C88DD13A1596}.Release|x64.ActiveCfg = Release|Any CPU
		{554955A8-7F65-4928-A3FB-C88DD13A1596}.Release|x64.Build.0 = Release|Any CPU
		{554955A8-7F65-4928-A3FB-C88DD13A1596}.Release|x86.ActiveCfg = Release|Any CPU
		{554955A8-7F65-4928-A3FB-C88DD13A1596}.Release|x86.Build.0 = Release|Any CPU
	EndGlobalSection
	GlobalSection(SolutionProperties) = preSolution
		HideSolutionNode = FALSE
	EndGlobalSection
	GlobalSection(ExtensibilityGlobals) = postSolution
		SolutionGuid = {EEA24177-BD95-42A8-AE1B-DB7B800132A3}
	EndGlobalSection
EndGlobal
